// !$*UTF8*$!
{
	archiveVersion = 1;
	classes = {
	};
	objectVersion = 46;
	objects = {

/* Begin PBXBuildFile section */
		4C46422F538A388E7094271D /* libPods.a in Frameworks */ = {isa = PBXBuildFile; fileRef = A494930512A1F70F165B0D08 /* libPods.a */; };
		AD549AA61A2EFDD0004C08C5 /* down_dark0.png in Resources */ = {isa = PBXBuildFile; fileRef = AD549AA31A2EFDD0004C08C5 /* down_dark0.png */; };
		AD549AA71A2EFDD0004C08C5 /* ic_password.png in Resources */ = {isa = PBXBuildFile; fileRef = AD549AA41A2EFDD0004C08C5 /* ic_password.png */; };
		AD549AA81A2EFDD0004C08C5 /* ic_username.png in Resources */ = {isa = PBXBuildFile; fileRef = AD549AA51A2EFDD0004C08C5 /* ic_username.png */; };
		AD7C29A01A302E25004B4EFE /* libbaidumapapi.a in Frameworks */ = {isa = PBXBuildFile; fileRef = AD7C299F1A302E25004B4EFE /* libbaidumapapi.a */; };
		AD7C29A21A302E49004B4EFE /* CoreLocation.framework in Frameworks */ = {isa = PBXBuildFile; fileRef = AD7C29A11A302E49004B4EFE /* CoreLocation.framework */; };
		AD7C29A41A302E52004B4EFE /* QuartzCore.framework in Frameworks */ = {isa = PBXBuildFile; fileRef = AD7C29A31A302E52004B4EFE /* QuartzCore.framework */; };
		AD7C29A61A302E5A004B4EFE /* OpenGLES.framework in Frameworks */ = {isa = PBXBuildFile; fileRef = AD7C29A51A302E5A004B4EFE /* OpenGLES.framework */; };
		AD7C29A81A302E62004B4EFE /* SystemConfiguration.framework in Frameworks */ = {isa = PBXBuildFile; fileRef = AD7C29A71A302E62004B4EFE /* SystemConfiguration.framework */; };
		AD7C29AA1A302E6A004B4EFE /* CoreGraphics.framework in Frameworks */ = {isa = PBXBuildFile; fileRef = AD7C29A91A302E6A004B4EFE /* CoreGraphics.framework */; };
		AD7C29AC1A302E71004B4EFE /* Security.framework in Frameworks */ = {isa = PBXBuildFile; fileRef = AD7C29AB1A302E71004B4EFE /* Security.framework */; };
		AD7C29EC1A302F8D004B4EFE /* mapapi.bundle in Resources */ = {isa = PBXBuildFile; fileRef = AD7C29EB1A302F8D004B4EFE /* mapapi.bundle */; };
		AD8D56C11A2DAEDB00D81DBA /* LYHospitalList.m in Sources */ = {isa = PBXBuildFile; fileRef = AD8D56C01A2DAEDB00D81DBA /* LYHospitalList.m */; };
		AD8D56C41A2DAF1E00D81DBA /* LYLoginVC.m in Sources */ = {isa = PBXBuildFile; fileRef = AD8D56C31A2DAF1E00D81DBA /* LYLoginVC.m */; };
		AD8D56C71A2DAFCB00D81DBA /* SelectCity.mm in Sources */ = {isa = PBXBuildFile; fileRef = AD8D56C61A2DAFCB00D81DBA /* SelectCity.mm */; };
		AD943BA61A2DA97600F32359 /* 定位.png in Resources */ = {isa = PBXBuildFile; fileRef = AD943B9B1A2DA97600F32359 /* 定位.png */; };
		AD943BA81A2DA97600F32359 /* LYGetcodeVC.m in Sources */ = {isa = PBXBuildFile; fileRef = AD943BA11A2DA97600F32359 /* LYGetcodeVC.m */; };
		AD943BA91A2DA97600F32359 /* LYPasswordVC.m in Sources */ = {isa = PBXBuildFile; fileRef = AD943BA31A2DA97600F32359 /* LYPasswordVC.m */; };
		AD943BAA1A2DA97600F32359 /* LYSignupVC.m in Sources */ = {isa = PBXBuildFile; fileRef = AD943BA51A2DA97600F32359 /* LYSignupVC.m */; };
		ADB3BAEE1A3038C000BBC80F /* 图片_02.png in Resources */ = {isa = PBXBuildFile; fileRef = ADB3BAEC1A3038C000BBC80F /* 图片_02.png */; };
		ADB3BAEF1A3038C000BBC80F /* logo.jpg in Resources */ = {isa = PBXBuildFile; fileRef = ADB3BAED1A3038C000BBC80F /* logo.jpg */; };
		ADB3BAF21A303E3600BBC80F /* LYMainVC.m in Sources */ = {isa = PBXBuildFile; fileRef = ADB3BAF11A303E3600BBC80F /* LYMainVC.m */; };
		ADB3BAF41A303F2100BBC80F /* 病例页提醒.png in Resources */ = {isa = PBXBuildFile; fileRef = ADB3BAF31A303F2100BBC80F /* 病例页提醒.png */; };
		ADB3BAF91A30402700BBC80F /* 邻里互助.png in Resources */ = {isa = PBXBuildFile; fileRef = ADB3BAF51A30402700BBC80F /* 邻里互助.png */; };
		ADB3BAFA1A30402700BBC80F /* 物业管理.png in Resources */ = {isa = PBXBuildFile; fileRef = ADB3BAF61A30402700BBC80F /* 物业管理.png */; };
		ADB3BAFB1A30402700BBC80F /* 小区交流.png in Resources */ = {isa = PBXBuildFile; fileRef = ADB3BAF71A30402700BBC80F /* 小区交流.png */; };
		ADB3BAFC1A30402700BBC80F /* ic_share_to_friends.png in Resources */ = {isa = PBXBuildFile; fileRef = ADB3BAF81A30402700BBC80F /* ic_share_to_friends.png */; };
		ADB9AEFF1A314A540071DC43 /* 便民.png in Resources */ = {isa = PBXBuildFile; fileRef = ADB9AEFE1A314A540071DC43 /* 便民.png */; };
		EF2F1B201A2C8B190048997F /* StoreOnlineNetworkEngine.m in Sources */ = {isa = PBXBuildFile; fileRef = EF2F1B1F1A2C8B190048997F /* StoreOnlineNetworkEngine.m */; };
		EF5EC54B1A2C7F3200C9D980 /* main.m in Sources */ = {isa = PBXBuildFile; fileRef = EF5EC54A1A2C7F3200C9D980 /* main.m */; };
		EF5EC54E1A2C7F3200C9D980 /* AppDelegate.m in Sources */ = {isa = PBXBuildFile; fileRef = EF5EC54D1A2C7F3200C9D980 /* AppDelegate.m */; };
		EF5EC5511A2C7F3200C9D980 /* ViewController.m in Sources */ = {isa = PBXBuildFile; fileRef = EF5EC5501A2C7F3200C9D980 /* ViewController.m */; };
		EF5EC5541A2C7F3300C9D980 /* Main.storyboard in Resources */ = {isa = PBXBuildFile; fileRef = EF5EC5521A2C7F3300C9D980 /* Main.storyboard */; };
		EF5EC5561A2C7F3300C9D980 /* Images.xcassets in Resources */ = {isa = PBXBuildFile; fileRef = EF5EC5551A2C7F3300C9D980 /* Images.xcassets */; };
		EF5EC5591A2C7F3300C9D980 /* LaunchScreen.xib in Resources */ = {isa = PBXBuildFile; fileRef = EF5EC5571A2C7F3300C9D980 /* LaunchScreen.xib */; };
		EF5EC5651A2C7F3300C9D980 /* PhysicianAssistantTests.m in Sources */ = {isa = PBXBuildFile; fileRef = EF5EC5641A2C7F3300C9D980 /* PhysicianAssistantTests.m */; };
/* End PBXBuildFile section */

/* Begin PBXContainerItemProxy section */
		EF5EC55F1A2C7F3300C9D980 /* PBXContainerItemProxy */ = {
			isa = PBXContainerItemProxy;
			containerPortal = EF5EC53D1A2C7F3100C9D980 /* Project object */;
			proxyType = 1;
			remoteGlobalIDString = EF5EC5441A2C7F3100C9D980;
			remoteInfo = PhysicianAssistant;
		};
/* End PBXContainerItemProxy section */

/* Begin PBXFileReference section */
		92D0569C1EE1FF78619562C2 /* Pods.release.xcconfig */ = {isa = PBXFileReference; includeInIndex = 1; lastKnownFileType = text.xcconfig; name = Pods.release.xcconfig; path = "Pods/Target Support Files/Pods/Pods.release.xcconfig"; sourceTree = "<group>"; };
		9F0BADB998D35336EB6E7DD7 /* Pods.debug.xcconfig */ = {isa = PBXFileReference; includeInIndex = 1; lastKnownFileType = text.xcconfig; name = Pods.debug.xcconfig; path = "Pods/Target Support Files/Pods/Pods.debug.xcconfig"; sourceTree = "<group>"; };
		A494930512A1F70F165B0D08 /* libPods.a */ = {isa = PBXFileReference; explicitFileType = archive.ar; includeInIndex = 0; path = libPods.a; sourceTree = BUILT_PRODUCTS_DIR; };
		AD549AA31A2EFDD0004C08C5 /* down_dark0.png */ = {isa = PBXFileReference; lastKnownFileType = image.png; path = down_dark0.png; sourceTree = "<group>"; };
		AD549AA41A2EFDD0004C08C5 /* ic_password.png */ = {isa = PBXFileReference; lastKnownFileType = image.png; path = ic_password.png; sourceTree = "<group>"; };
		AD549AA51A2EFDD0004C08C5 /* ic_username.png */ = {isa = PBXFileReference; lastKnownFileType = image.png; path = ic_username.png; sourceTree = "<group>"; };
		AD7C299F1A302E25004B4EFE /* libbaidumapapi.a */ = {isa = PBXFileReference; lastKnownFileType = archive.ar; path = libbaidumapapi.a; sourceTree = "<group>"; };
		AD7C29A11A302E49004B4EFE /* CoreLocation.framework */ = {isa = PBXFileReference; lastKnownFileType = wrapper.framework; name = CoreLocation.framework; path = System/Library/Frameworks/CoreLocation.framework; sourceTree = SDKROOT; };
		AD7C29A31A302E52004B4EFE /* QuartzCore.framework */ = {isa = PBXFileReference; lastKnownFileType = wrapper.framework; name = QuartzCore.framework; path = System/Library/Frameworks/QuartzCore.framework; sourceTree = SDKROOT; };
		AD7C29A51A302E5A004B4EFE /* OpenGLES.framework */ = {isa = PBXFileReference; lastKnownFileType = wrapper.framework; name = OpenGLES.framework; path = System/Library/Frameworks/OpenGLES.framework; sourceTree = SDKROOT; };
		AD7C29A71A302E62004B4EFE /* SystemConfiguration.framework */ = {isa = PBXFileReference; lastKnownFileType = wrapper.framework; name = SystemConfiguration.framework; path = System/Library/Frameworks/SystemConfiguration.framework; sourceTree = SDKROOT; };
		AD7C29A91A302E6A004B4EFE /* CoreGraphics.framework */ = {isa = PBXFileReference; lastKnownFileType = wrapper.framework; name = CoreGraphics.framework; path = System/Library/Frameworks/CoreGraphics.framework; sourceTree = SDKROOT; };
		AD7C29AB1A302E71004B4EFE /* Security.framework */ = {isa = PBXFileReference; lastKnownFileType = wrapper.framework; name = Security.framework; path = System/Library/Frameworks/Security.framework; sourceTree = SDKROOT; };
		AD7C29AE1A302F42004B4EFE /* BMapKit.h */ = {isa = PBXFileReference; fileEncoding = 4; lastKnownFileType = sourcecode.c.h; path = BMapKit.h; sourceTree = "<group>"; };
		AD7C29AF1A302F42004B4EFE /* BMKActionPaopaoView.h */ = {isa = PBXFileReference; fileEncoding = 4; lastKnownFileType = sourcecode.c.h; path = BMKActionPaopaoView.h; sourceTree = "<group>"; };
		AD7C29B01A302F42004B4EFE /* BMKAnnotation.h */ = {isa = PBXFileReference; fileEncoding = 4; lastKnownFileType = sourcecode.c.h; path = BMKAnnotation.h; sourceTree = "<group>"; };
		AD7C29B11A302F42004B4EFE /* BMKAnnotationView.h */ = {isa = PBXFileReference; fileEncoding = 4; lastKnownFileType = sourcecode.c.h; path = BMKAnnotationView.h; sourceTree = "<group>"; };
		AD7C29B21A302F42004B4EFE /* BMKArcline.h */ = {isa = PBXFileReference; fileEncoding = 4; lastKnownFileType = sourcecode.c.h; path = BMKArcline.h; sourceTree = "<group>"; };
		AD7C29B31A302F42004B4EFE /* BMKArclineView.h */ = {isa = PBXFileReference; fileEncoding = 4; lastKnownFileType = sourcecode.c.h; path = BMKArclineView.h; sourceTree = "<group>"; };
		AD7C29B41A302F42004B4EFE /* BMKBaseComponent.h */ = {isa = PBXFileReference; fileEncoding = 4; lastKnownFileType = sourcecode.c.h; path = BMKBaseComponent.h; sourceTree = "<group>"; };
		AD7C29B51A302F42004B4EFE /* BMKBusLineSearch.h */ = {isa = PBXFileReference; fileEncoding = 4; lastKnownFileType = sourcecode.c.h; path = BMKBusLineSearch.h; sourceTree = "<group>"; };
		AD7C29B61A302F42004B4EFE /* BMKBusLineSearchOption.h */ = {isa = PBXFileReference; fileEncoding = 4; lastKnownFileType = sourcecode.c.h; path = BMKBusLineSearchOption.h; sourceTree = "<group>"; };
		AD7C29B71A302F42004B4EFE /* BMKCircle.h */ = {isa = PBXFileReference; fileEncoding = 4; lastKnownFileType = sourcecode.c.h; path = BMKCircle.h; sourceTree = "<group>"; };
		AD7C29B81A302F42004B4EFE /* BMKCircleView.h */ = {isa = PBXFileReference; fileEncoding = 4; lastKnownFileType = sourcecode.c.h; path = BMKCircleView.h; sourceTree = "<group>"; };
		AD7C29B91A302F42004B4EFE /* BMKCloudPOIList.h */ = {isa = PBXFileReference; fileEncoding = 4; lastKnownFileType = sourcecode.c.h; path = BMKCloudPOIList.h; sourceTree = "<group>"; };
		AD7C29BA1A302F42004B4EFE /* BMKCloudSearch.h */ = {isa = PBXFileReference; fileEncoding = 4; lastKnownFileType = sourcecode.c.h; path = BMKCloudSearch.h; sourceTree = "<group>"; };
		AD7C29BB1A302F42004B4EFE /* BMKCloudSearchComponent.h */ = {isa = PBXFileReference; fileEncoding = 4; lastKnownFileType = sourcecode.c.h; path = BMKCloudSearchComponent.h; sourceTree = "<group>"; };
		AD7C29BC1A302F42004B4EFE /* BMKCloudSearchInfo.h */ = {isa = PBXFileReference; fileEncoding = 4; lastKnownFileType = sourcecode.c.h; path = BMKCloudSearchInfo.h; sourceTree = "<group>"; };
		AD7C29BD1A302F42004B4EFE /* BMKGeneralDelegate.h */ = {isa = PBXFileReference; fileEncoding = 4; lastKnownFileType = sourcecode.c.h; path = BMKGeneralDelegate.h; sourceTree = "<group>"; };
		AD7C29BE1A302F42004B4EFE /* BMKGeocodeSearch.h */ = {isa = PBXFileReference; fileEncoding = 4; lastKnownFileType = sourcecode.c.h; path = BMKGeocodeSearch.h; sourceTree = "<group>"; };
		AD7C29BF1A302F42004B4EFE /* BMKGeocodeSearchOption.h */ = {isa = PBXFileReference; fileEncoding = 4; lastKnownFileType = sourcecode.c.h; path = BMKGeocodeSearchOption.h; sourceTree = "<group>"; };
		AD7C29C01A302F42004B4EFE /* BMKGeocodeType.h */ = {isa = PBXFileReference; fileEncoding = 4; lastKnownFileType = sourcecode.c.h; path = BMKGeocodeType.h; sourceTree = "<group>"; };
		AD7C29C11A302F42004B4EFE /* BMKGeometry.h */ = {isa = PBXFileReference; fileEncoding = 4; lastKnownFileType = sourcecode.c.h; path = BMKGeometry.h; sourceTree = "<group>"; };
		AD7C29C21A302F42004B4EFE /* BMKGradient.h */ = {isa = PBXFileReference; fileEncoding = 4; lastKnownFileType = sourcecode.c.h; path = BMKGradient.h; sourceTree = "<group>"; };
		AD7C29C31A302F42004B4EFE /* BMKGroundOverlay.h */ = {isa = PBXFileReference; fileEncoding = 4; lastKnownFileType = sourcecode.c.h; path = BMKGroundOverlay.h; sourceTree = "<group>"; };
		AD7C29C41A302F42004B4EFE /* BMKGroundOverlayView.h */ = {isa = PBXFileReference; fileEncoding = 4; lastKnownFileType = sourcecode.c.h; path = BMKGroundOverlayView.h; sourceTree = "<group>"; };
		AD7C29C51A302F42004B4EFE /* BMKHeatMap.h */ = {isa = PBXFileReference; fileEncoding = 4; lastKnownFileType = sourcecode.c.h; path = BMKHeatMap.h; sourceTree = "<group>"; };
		AD7C29C61A302F42004B4EFE /* BMKLocationComponent.h */ = {isa = PBXFileReference; fileEncoding = 4; lastKnownFileType = sourcecode.c.h; path = BMKLocationComponent.h; sourceTree = "<group>"; };
		AD7C29C71A302F42004B4EFE /* BMKLocationService.h */ = {isa = PBXFileReference; fileEncoding = 4; lastKnownFileType = sourcecode.c.h; path = BMKLocationService.h; sourceTree = "<group>"; };
		AD7C29C81A302F42004B4EFE /* BMKLocationViewDisplayParam.h */ = {isa = PBXFileReference; fileEncoding = 4; lastKnownFileType = sourcecode.c.h; path = BMKLocationViewDisplayParam.h; sourceTree = "<group>"; };
		AD7C29C91A302F42004B4EFE /* BMKMapComponent.h */ = {isa = PBXFileReference; fileEncoding = 4; lastKnownFileType = sourcecode.c.h; path = BMKMapComponent.h; sourceTree = "<group>"; };
		AD7C29CA1A302F42004B4EFE /* BMKMapManager.h */ = {isa = PBXFileReference; fileEncoding = 4; lastKnownFileType = sourcecode.c.h; path = BMKMapManager.h; sourceTree = "<group>"; };
		AD7C29CB1A302F42004B4EFE /* BMKMapStatus.h */ = {isa = PBXFileReference; fileEncoding = 4; lastKnownFileType = sourcecode.c.h; path = BMKMapStatus.h; sourceTree = "<group>"; };
		AD7C29CC1A302F42004B4EFE /* BMKMapView.h */ = {isa = PBXFileReference; fileEncoding = 4; lastKnownFileType = sourcecode.c.h; path = BMKMapView.h; sourceTree = "<group>"; };
		AD7C29CD1A302F42004B4EFE /* BMKMultiPoint.h */ = {isa = PBXFileReference; fileEncoding = 4; lastKnownFileType = sourcecode.c.h; path = BMKMultiPoint.h; sourceTree = "<group>"; };
		AD7C29CE1A302F42004B4EFE /* BMKNavigation.h */ = {isa = PBXFileReference; fileEncoding = 4; lastKnownFileType = sourcecode.c.h; path = BMKNavigation.h; sourceTree = "<group>"; };
		AD7C29CF1A302F42004B4EFE /* BMKOfflineMap.h */ = {isa = PBXFileReference; fileEncoding = 4; lastKnownFileType = sourcecode.c.h; path = BMKOfflineMap.h; sourceTree = "<group>"; };
		AD7C29D01A302F42004B4EFE /* BMKOfflineMapType.h */ = {isa = PBXFileReference; fileEncoding = 4; lastKnownFileType = sourcecode.c.h; path = BMKOfflineMapType.h; sourceTree = "<group>"; };
		AD7C29D11A302F42004B4EFE /* BMKOverlay.h */ = {isa = PBXFileReference; fileEncoding = 4; lastKnownFileType = sourcecode.c.h; path = BMKOverlay.h; sourceTree = "<group>"; };
		AD7C29D21A302F42004B4EFE /* BMKOverlayGLBasicView.h */ = {isa = PBXFileReference; fileEncoding = 4; lastKnownFileType = sourcecode.c.h; path = BMKOverlayGLBasicView.h; sourceTree = "<group>"; };
		AD7C29D31A302F42004B4EFE /* BMKOverlayPathView.h */ = {isa = PBXFileReference; fileEncoding = 4; lastKnownFileType = sourcecode.c.h; path = BMKOverlayPathView.h; sourceTree = "<group>"; };
		AD7C29D41A302F42004B4EFE /* BMKOverlayView.h */ = {isa = PBXFileReference; fileEncoding = 4; lastKnownFileType = sourcecode.c.h; path = BMKOverlayView.h; sourceTree = "<group>"; };
		AD7C29D51A302F42004B4EFE /* BMKPinAnnotationView.h */ = {isa = PBXFileReference; fileEncoding = 4; lastKnownFileType = sourcecode.c.h; path = BMKPinAnnotationView.h; sourceTree = "<group>"; };
		AD7C29D61A302F42004B4EFE /* BMKPointAnnotation.h */ = {isa = PBXFileReference; fileEncoding = 4; lastKnownFileType = sourcecode.c.h; path = BMKPointAnnotation.h; sourceTree = "<group>"; };
		AD7C29D71A302F42004B4EFE /* BMKPoiSearch.h */ = {isa = PBXFileReference; fileEncoding = 4; lastKnownFileType = sourcecode.c.h; path = BMKPoiSearch.h; sourceTree = "<group>"; };
		AD7C29D81A302F42004B4EFE /* BMKPoiSearchOption.h */ = {isa = PBXFileReference; fileEncoding = 4; lastKnownFileType = sourcecode.c.h; path = BMKPoiSearchOption.h; sourceTree = "<group>"; };
		AD7C29D91A302F42004B4EFE /* BMKPoiSearchType.h */ = {isa = PBXFileReference; fileEncoding = 4; lastKnownFileType = sourcecode.c.h; path = BMKPoiSearchType.h; sourceTree = "<group>"; };
		AD7C29DA1A302F42004B4EFE /* BMKPolygon.h */ = {isa = PBXFileReference; fileEncoding = 4; lastKnownFileType = sourcecode.c.h; path = BMKPolygon.h; sourceTree = "<group>"; };
		AD7C29DB1A302F42004B4EFE /* BMKPolygonView.h */ = {isa = PBXFileReference; fileEncoding = 4; lastKnownFileType = sourcecode.c.h; path = BMKPolygonView.h; sourceTree = "<group>"; };
		AD7C29DC1A302F42004B4EFE /* BMKPolyline.h */ = {isa = PBXFileReference; fileEncoding = 4; lastKnownFileType = sourcecode.c.h; path = BMKPolyline.h; sourceTree = "<group>"; };
		AD7C29DD1A302F42004B4EFE /* BMKPolylineView.h */ = {isa = PBXFileReference; fileEncoding = 4; lastKnownFileType = sourcecode.c.h; path = BMKPolylineView.h; sourceTree = "<group>"; };
		AD7C29DE1A302F42004B4EFE /* BMKRouteSearch.h */ = {isa = PBXFileReference; fileEncoding = 4; lastKnownFileType = sourcecode.c.h; path = BMKRouteSearch.h; sourceTree = "<group>"; };
		AD7C29DF1A302F42004B4EFE /* BMKRouteSearchOption.h */ = {isa = PBXFileReference; fileEncoding = 4; lastKnownFileType = sourcecode.c.h; path = BMKRouteSearchOption.h; sourceTree = "<group>"; };
		AD7C29E01A302F42004B4EFE /* BMKRouteSearchType.h */ = {isa = PBXFileReference; fileEncoding = 4; lastKnownFileType = sourcecode.c.h; path = BMKRouteSearchType.h; sourceTree = "<group>"; };
		AD7C29E11A302F42004B4EFE /* BMKSearchComponent.h */ = {isa = PBXFileReference; fileEncoding = 4; lastKnownFileType = sourcecode.c.h; path = BMKSearchComponent.h; sourceTree = "<group>"; };
		AD7C29E21A302F42004B4EFE /* BMKShape.h */ = {isa = PBXFileReference; fileEncoding = 4; lastKnownFileType = sourcecode.c.h; path = BMKShape.h; sourceTree = "<group>"; };
		AD7C29E31A302F42004B4EFE /* BMKShareURLSearch.h */ = {isa = PBXFileReference; fileEncoding = 4; lastKnownFileType = sourcecode.c.h; path = BMKShareURLSearch.h; sourceTree = "<group>"; };
		AD7C29E41A302F42004B4EFE /* BMKShareUrlSearchOption.h */ = {isa = PBXFileReference; fileEncoding = 4; lastKnownFileType = sourcecode.c.h; path = BMKShareUrlSearchOption.h; sourceTree = "<group>"; };
		AD7C29E51A302F42004B4EFE /* BMKSuggestionSearch.h */ = {isa = PBXFileReference; fileEncoding = 4; lastKnownFileType = sourcecode.c.h; path = BMKSuggestionSearch.h; sourceTree = "<group>"; };
		AD7C29E61A302F42004B4EFE /* BMKSuggestionSearchOption.h */ = {isa = PBXFileReference; fileEncoding = 4; lastKnownFileType = sourcecode.c.h; path = BMKSuggestionSearchOption.h; sourceTree = "<group>"; };
		AD7C29E71A302F42004B4EFE /* BMKTypes.h */ = {isa = PBXFileReference; fileEncoding = 4; lastKnownFileType = sourcecode.c.h; path = BMKTypes.h; sourceTree = "<group>"; };
		AD7C29E81A302F42004B4EFE /* BMKUserLocation.h */ = {isa = PBXFileReference; fileEncoding = 4; lastKnownFileType = sourcecode.c.h; path = BMKUserLocation.h; sourceTree = "<group>"; };
		AD7C29E91A302F42004B4EFE /* BMKUtilsComponent.h */ = {isa = PBXFileReference; fileEncoding = 4; lastKnownFileType = sourcecode.c.h; path = BMKUtilsComponent.h; sourceTree = "<group>"; };
		AD7C29EA1A302F42004B4EFE /* BMKVersion.h */ = {isa = PBXFileReference; fileEncoding = 4; lastKnownFileType = sourcecode.c.h; path = BMKVersion.h; sourceTree = "<group>"; };
		AD7C29EB1A302F8D004B4EFE /* mapapi.bundle */ = {isa = PBXFileReference; lastKnownFileType = "wrapper.plug-in"; path = mapapi.bundle; sourceTree = "<group>"; };
		AD8D56BF1A2DAEDB00D81DBA /* LYHospitalList.h */ = {isa = PBXFileReference; fileEncoding = 4; lastKnownFileType = sourcecode.c.h; path = LYHospitalList.h; sourceTree = "<group>"; };
		AD8D56C01A2DAEDB00D81DBA /* LYHospitalList.m */ = {isa = PBXFileReference; fileEncoding = 4; lastKnownFileType = sourcecode.c.objc; path = LYHospitalList.m; sourceTree = "<group>"; };
		AD8D56C21A2DAF1E00D81DBA /* LYLoginVC.h */ = {isa = PBXFileReference; fileEncoding = 4; lastKnownFileType = sourcecode.c.h; path = LYLoginVC.h; sourceTree = "<group>"; };
		AD8D56C31A2DAF1E00D81DBA /* LYLoginVC.m */ = {isa = PBXFileReference; fileEncoding = 4; lastKnownFileType = sourcecode.c.objc; path = LYLoginVC.m; sourceTree = "<group>"; };
		AD8D56C51A2DAFCB00D81DBA /* SelectCity.h */ = {isa = PBXFileReference; fileEncoding = 4; lastKnownFileType = sourcecode.c.h; path = SelectCity.h; sourceTree = "<group>"; };
		AD8D56C61A2DAFCB00D81DBA /* SelectCity.mm */ = {isa = PBXFileReference; fileEncoding = 4; lastKnownFileType = sourcecode.cpp.objcpp; path = SelectCity.mm; sourceTree = "<group>"; };
		AD943B9B1A2DA97600F32359 /* 定位.png */ = {isa = PBXFileReference; lastKnownFileType = image.png; path = "定位.png"; sourceTree = "<group>"; };
		AD943BA01A2DA97600F32359 /* LYGetcodeVC.h */ = {isa = PBXFileReference; fileEncoding = 4; lastKnownFileType = sourcecode.c.h; path = LYGetcodeVC.h; sourceTree = "<group>"; };
		AD943BA11A2DA97600F32359 /* LYGetcodeVC.m */ = {isa = PBXFileReference; fileEncoding = 4; lastKnownFileType = sourcecode.c.objc; path = LYGetcodeVC.m; sourceTree = "<group>"; };
		AD943BA21A2DA97600F32359 /* LYPasswordVC.h */ = {isa = PBXFileReference; fileEncoding = 4; lastKnownFileType = sourcecode.c.h; path = LYPasswordVC.h; sourceTree = "<group>"; };
		AD943BA31A2DA97600F32359 /* LYPasswordVC.m */ = {isa = PBXFileReference; fileEncoding = 4; lastKnownFileType = sourcecode.c.objc; path = LYPasswordVC.m; sourceTree = "<group>"; };
		AD943BA41A2DA97600F32359 /* LYSignupVC.h */ = {isa = PBXFileReference; fileEncoding = 4; lastKnownFileType = sourcecode.c.h; path = LYSignupVC.h; sourceTree = "<group>"; };
		AD943BA51A2DA97600F32359 /* LYSignupVC.m */ = {isa = PBXFileReference; fileEncoding = 4; lastKnownFileType = sourcecode.c.objc; path = LYSignupVC.m; sourceTree = "<group>"; };
		ADAF3CD11A316076008134A4 /* CommonDefault.h */ = {isa = PBXFileReference; fileEncoding = 4; lastKnownFileType = sourcecode.c.h; path = CommonDefault.h; sourceTree = "<group>"; };
		ADAF3CD21A316076008134A4 /* CommonDefine.h */ = {isa = PBXFileReference; fileEncoding = 4; lastKnownFileType = sourcecode.c.h; path = CommonDefine.h; sourceTree = "<group>"; };
		ADB3BAEC1A3038C000BBC80F /* 图片_02.png */ = {isa = PBXFileReference; lastKnownFileType = image.png; path = "图片_02.png"; sourceTree = "<group>"; };
		ADB3BAED1A3038C000BBC80F /* logo.jpg */ = {isa = PBXFileReference; lastKnownFileType = image.jpeg; path = logo.jpg; sourceTree = "<group>"; };
		ADB3BAF01A303E3600BBC80F /* LYMainVC.h */ = {isa = PBXFileReference; fileEncoding = 4; lastKnownFileType = sourcecode.c.h; path = LYMainVC.h; sourceTree = "<group>"; };
		ADB3BAF11A303E3600BBC80F /* LYMainVC.m */ = {isa = PBXFileReference; fileEncoding = 4; lastKnownFileType = sourcecode.c.objc; path = LYMainVC.m; sourceTree = "<group>"; };
		ADB3BAF31A303F2100BBC80F /* 病例页提醒.png */ = {isa = PBXFileReference; lastKnownFileType = image.png; path = "病例页提醒.png"; sourceTree = "<group>"; };
		ADB3BAF51A30402700BBC80F /* 邻里互助.png */ = {isa = PBXFileReference; lastKnownFileType = image.png; path = "邻里互助.png"; sourceTree = "<group>"; };
		ADB3BAF61A30402700BBC80F /* 物业管理.png */ = {isa = PBXFileReference; lastKnownFileType = image.png; path = "物业管理.png"; sourceTree = "<group>"; };
		ADB3BAF71A30402700BBC80F /* 小区交流.png */ = {isa = PBXFileReference; lastKnownFileType = image.png; path = "小区交流.png"; sourceTree = "<group>"; };
		ADB3BAF81A30402700BBC80F /* ic_share_to_friends.png */ = {isa = PBXFileReference; lastKnownFileType = image.png; path = ic_share_to_friends.png; sourceTree = "<group>"; };
		ADB9AEFE1A314A540071DC43 /* 便民.png */ = {isa = PBXFileReference; lastKnownFileType = image.png; path = "便民.png"; sourceTree = "<group>"; };
		EF2F1B1E1A2C8B190048997F /* StoreOnlineNetworkEngine.h */ = {isa = PBXFileReference; fileEncoding = 4; lastKnownFileType = sourcecode.c.h; path = StoreOnlineNetworkEngine.h; sourceTree = "<group>"; };
		EF2F1B1F1A2C8B190048997F /* StoreOnlineNetworkEngine.m */ = {isa = PBXFileReference; fileEncoding = 4; lastKnownFileType = sourcecode.c.objc; path = StoreOnlineNetworkEngine.m; sourceTree = "<group>"; };
		EF5EC5451A2C7F3200C9D980 /* PhysicianAssistant.app */ = {isa = PBXFileReference; explicitFileType = wrapper.application; includeInIndex = 0; path = PhysicianAssistant.app; sourceTree = BUILT_PRODUCTS_DIR; };
		EF5EC5491A2C7F3200C9D980 /* Info.plist */ = {isa = PBXFileReference; lastKnownFileType = text.plist.xml; path = Info.plist; sourceTree = "<group>"; };
		EF5EC54A1A2C7F3200C9D980 /* main.m */ = {isa = PBXFileReference; lastKnownFileType = sourcecode.c.objc; path = main.m; sourceTree = "<group>"; };
		EF5EC54C1A2C7F3200C9D980 /* AppDelegate.h */ = {isa = PBXFileReference; lastKnownFileType = sourcecode.c.h; path = AppDelegate.h; sourceTree = "<group>"; };
		EF5EC54D1A2C7F3200C9D980 /* AppDelegate.m */ = {isa = PBXFileReference; lastKnownFileType = sourcecode.c.objc; path = AppDelegate.m; sourceTree = "<group>"; };
		EF5EC54F1A2C7F3200C9D980 /* ViewController.h */ = {isa = PBXFileReference; lastKnownFileType = sourcecode.c.h; path = ViewController.h; sourceTree = "<group>"; };
		EF5EC5501A2C7F3200C9D980 /* ViewController.m */ = {isa = PBXFileReference; lastKnownFileType = sourcecode.c.objc; path = ViewController.m; sourceTree = "<group>"; };
		EF5EC5531A2C7F3300C9D980 /* Base */ = {isa = PBXFileReference; lastKnownFileType = file.storyboard; name = Base; path = Base.lproj/Main.storyboard; sourceTree = "<group>"; };
		EF5EC5551A2C7F3300C9D980 /* Images.xcassets */ = {isa = PBXFileReference; lastKnownFileType = folder.assetcatalog; path = Images.xcassets; sourceTree = "<group>"; };
		EF5EC5581A2C7F3300C9D980 /* Base */ = {isa = PBXFileReference; lastKnownFileType = file.xib; name = Base; path = Base.lproj/LaunchScreen.xib; sourceTree = "<group>"; };
		EF5EC55E1A2C7F3300C9D980 /* PhysicianAssistantTests.xctest */ = {isa = PBXFileReference; explicitFileType = wrapper.cfbundle; includeInIndex = 0; path = PhysicianAssistantTests.xctest; sourceTree = BUILT_PRODUCTS_DIR; };
		EF5EC5631A2C7F3300C9D980 /* Info.plist */ = {isa = PBXFileReference; lastKnownFileType = text.plist.xml; path = Info.plist; sourceTree = "<group>"; };
		EF5EC5641A2C7F3300C9D980 /* PhysicianAssistantTests.m */ = {isa = PBXFileReference; lastKnownFileType = sourcecode.c.objc; path = PhysicianAssistantTests.m; sourceTree = "<group>"; };
/* End PBXFileReference section */

/* Begin PBXFrameworksBuildPhase section */
		EF5EC5421A2C7F3100C9D980 /* Frameworks */ = {
			isa = PBXFrameworksBuildPhase;
			buildActionMask = 2147483647;
			files = (
				AD7C29AC1A302E71004B4EFE /* Security.framework in Frameworks */,
				AD7C29AA1A302E6A004B4EFE /* CoreGraphics.framework in Frameworks */,
				AD7C29A81A302E62004B4EFE /* SystemConfiguration.framework in Frameworks */,
				AD7C29A61A302E5A004B4EFE /* OpenGLES.framework in Frameworks */,
				AD7C29A41A302E52004B4EFE /* QuartzCore.framework in Frameworks */,
				AD7C29A21A302E49004B4EFE /* CoreLocation.framework in Frameworks */,
				4C46422F538A388E7094271D /* libPods.a in Frameworks */,
				AD7C29A01A302E25004B4EFE /* libbaidumapapi.a in Frameworks */,
			);
			runOnlyForDeploymentPostprocessing = 0;
		};
		EF5EC55B1A2C7F3300C9D980 /* Frameworks */ = {
			isa = PBXFrameworksBuildPhase;
			buildActionMask = 2147483647;
			files = (
			);
			runOnlyForDeploymentPostprocessing = 0;
		};
/* End PBXFrameworksBuildPhase section */

/* Begin PBXGroup section */
		11E0CD135D97858B9FAFC989 /* Frameworks */ = {
			isa = PBXGroup;
			children = (
				AD7C29AB1A302E71004B4EFE /* Security.framework */,
				AD7C29A91A302E6A004B4EFE /* CoreGraphics.framework */,
				AD7C29A71A302E62004B4EFE /* SystemConfiguration.framework */,
				AD7C29A51A302E5A004B4EFE /* OpenGLES.framework */,
				AD7C29A31A302E52004B4EFE /* QuartzCore.framework */,
				AD7C29A11A302E49004B4EFE /* CoreLocation.framework */,
				AD7C299F1A302E25004B4EFE /* libbaidumapapi.a */,
				A494930512A1F70F165B0D08 /* libPods.a */,
			);
			name = Frameworks;
			sourceTree = "<group>";
		};
		1B1BF6422607E37341E24DF3 /* Pods */ = {
			isa = PBXGroup;
			children = (
				9F0BADB998D35336EB6E7DD7 /* Pods.debug.xcconfig */,
				92D0569C1EE1FF78619562C2 /* Pods.release.xcconfig */,
			);
			name = Pods;
			sourceTree = "<group>";
		};
		AD7C29AD1A302F42004B4EFE /* inc */ = {
			isa = PBXGroup;
			children = (
				AD7C29AE1A302F42004B4EFE /* BMapKit.h */,
				AD7C29AF1A302F42004B4EFE /* BMKActionPaopaoView.h */,
				AD7C29B01A302F42004B4EFE /* BMKAnnotation.h */,
				AD7C29B11A302F42004B4EFE /* BMKAnnotationView.h */,
				AD7C29B21A302F42004B4EFE /* BMKArcline.h */,
				AD7C29B31A302F42004B4EFE /* BMKArclineView.h */,
				AD7C29B41A302F42004B4EFE /* BMKBaseComponent.h */,
				AD7C29B51A302F42004B4EFE /* BMKBusLineSearch.h */,
				AD7C29B61A302F42004B4EFE /* BMKBusLineSearchOption.h */,
				AD7C29B71A302F42004B4EFE /* BMKCircle.h */,
				AD7C29B81A302F42004B4EFE /* BMKCircleView.h */,
				AD7C29B91A302F42004B4EFE /* BMKCloudPOIList.h */,
				AD7C29BA1A302F42004B4EFE /* BMKCloudSearch.h */,
				AD7C29BB1A302F42004B4EFE /* BMKCloudSearchComponent.h */,
				AD7C29BC1A302F42004B4EFE /* BMKCloudSearchInfo.h */,
				AD7C29BD1A302F42004B4EFE /* BMKGeneralDelegate.h */,
				AD7C29BE1A302F42004B4EFE /* BMKGeocodeSearch.h */,
				AD7C29BF1A302F42004B4EFE /* BMKGeocodeSearchOption.h */,
				AD7C29C01A302F42004B4EFE /* BMKGeocodeType.h */,
				AD7C29C11A302F42004B4EFE /* BMKGeometry.h */,
				AD7C29C21A302F42004B4EFE /* BMKGradient.h */,
				AD7C29C31A302F42004B4EFE /* BMKGroundOverlay.h */,
				AD7C29C41A302F42004B4EFE /* BMKGroundOverlayView.h */,
				AD7C29C51A302F42004B4EFE /* BMKHeatMap.h */,
				AD7C29C61A302F42004B4EFE /* BMKLocationComponent.h */,
				AD7C29C71A302F42004B4EFE /* BMKLocationService.h */,
				AD7C29C81A302F42004B4EFE /* BMKLocationViewDisplayParam.h */,
				AD7C29C91A302F42004B4EFE /* BMKMapComponent.h */,
				AD7C29CA1A302F42004B4EFE /* BMKMapManager.h */,
				AD7C29CB1A302F42004B4EFE /* BMKMapStatus.h */,
				AD7C29CC1A302F42004B4EFE /* BMKMapView.h */,
				AD7C29CD1A302F42004B4EFE /* BMKMultiPoint.h */,
				AD7C29CE1A302F42004B4EFE /* BMKNavigation.h */,
				AD7C29CF1A302F42004B4EFE /* BMKOfflineMap.h */,
				AD7C29D01A302F42004B4EFE /* BMKOfflineMapType.h */,
				AD7C29D11A302F42004B4EFE /* BMKOverlay.h */,
				AD7C29D21A302F42004B4EFE /* BMKOverlayGLBasicView.h */,
				AD7C29D31A302F42004B4EFE /* BMKOverlayPathView.h */,
				AD7C29D41A302F42004B4EFE /* BMKOverlayView.h */,
				AD7C29D51A302F42004B4EFE /* BMKPinAnnotationView.h */,
				AD7C29D61A302F42004B4EFE /* BMKPointAnnotation.h */,
				AD7C29D71A302F42004B4EFE /* BMKPoiSearch.h */,
				AD7C29D81A302F42004B4EFE /* BMKPoiSearchOption.h */,
				AD7C29D91A302F42004B4EFE /* BMKPoiSearchType.h */,
				AD7C29DA1A302F42004B4EFE /* BMKPolygon.h */,
				AD7C29DB1A302F42004B4EFE /* BMKPolygonView.h */,
				AD7C29DC1A302F42004B4EFE /* BMKPolyline.h */,
				AD7C29DD1A302F42004B4EFE /* BMKPolylineView.h */,
				AD7C29DE1A302F42004B4EFE /* BMKRouteSearch.h */,
				AD7C29DF1A302F42004B4EFE /* BMKRouteSearchOption.h */,
				AD7C29E01A302F42004B4EFE /* BMKRouteSearchType.h */,
				AD7C29E11A302F42004B4EFE /* BMKSearchComponent.h */,
				AD7C29E21A302F42004B4EFE /* BMKShape.h */,
				AD7C29E31A302F42004B4EFE /* BMKShareURLSearch.h */,
				AD7C29E41A302F42004B4EFE /* BMKShareUrlSearchOption.h */,
				AD7C29E51A302F42004B4EFE /* BMKSuggestionSearch.h */,
				AD7C29E61A302F42004B4EFE /* BMKSuggestionSearchOption.h */,
				AD7C29E71A302F42004B4EFE /* BMKTypes.h */,
				AD7C29E81A302F42004B4EFE /* BMKUserLocation.h */,
				AD7C29E91A302F42004B4EFE /* BMKUtilsComponent.h */,
				AD7C29EA1A302F42004B4EFE /* BMKVersion.h */,
			);
			path = inc;
			sourceTree = "<group>";
		};
		AD7C29ED1A302F95004B4EFE /* Resources */ = {
			isa = PBXGroup;
			children = (
				AD7C29EB1A302F8D004B4EFE /* mapapi.bundle */,
			);
			name = Resources;
			sourceTree = "<group>";
		};
		AD943B9A1A2DA97600F32359 /* image */ = {
			isa = PBXGroup;
			children = (
				ADB9AEFE1A314A540071DC43 /* 便民.png */,
				ADB3BAF51A30402700BBC80F /* 邻里互助.png */,
				ADB3BAF61A30402700BBC80F /* 物业管理.png */,
				ADB3BAF71A30402700BBC80F /* 小区交流.png */,
				ADB3BAF81A30402700BBC80F /* ic_share_to_friends.png */,
				ADB3BAF31A303F2100BBC80F /* 病例页提醒.png */,
				ADB3BAEC1A3038C000BBC80F /* 图片_02.png */,
				ADB3BAED1A3038C000BBC80F /* logo.jpg */,
				AD549AA31A2EFDD0004C08C5 /* down_dark0.png */,
				AD549AA41A2EFDD0004C08C5 /* ic_password.png */,
				AD549AA51A2EFDD0004C08C5 /* ic_username.png */,
				AD943B9B1A2DA97600F32359 /* 定位.png */,
			);
			path = image;
			sourceTree = "<group>";
		};
		AD943B9F1A2DA97600F32359 /* login */ = {
			isa = PBXGroup;
			children = (
				AD8D56C21A2DAF1E00D81DBA /* LYLoginVC.h */,
				AD8D56C31A2DAF1E00D81DBA /* LYLoginVC.m */,
				AD943BA01A2DA97600F32359 /* LYGetcodeVC.h */,
				AD943BA11A2DA97600F32359 /* LYGetcodeVC.m */,
				AD943BA21A2DA97600F32359 /* LYPasswordVC.h */,
				AD943BA31A2DA97600F32359 /* LYPasswordVC.m */,
				AD943BA41A2DA97600F32359 /* LYSignupVC.h */,
				AD943BA51A2DA97600F32359 /* LYSignupVC.m */,
			);
			name = login;
			path = "Sign Up";
			sourceTree = "<group>";
		};
		ADAF3CD01A31602B008134A4 /* Supports */ = {
			isa = PBXGroup;
			children = (
				ADAF3CD11A316076008134A4 /* CommonDefault.h */,
				ADAF3CD21A316076008134A4 /* CommonDefine.h */,
			);
			name = Supports;
			sourceTree = "<group>";
		};
		EF2F1B1D1A2C8B190048997F /* DataEngine */ = {
			isa = PBXGroup;
			children = (
				EF2F1B1E1A2C8B190048997F /* StoreOnlineNetworkEngine.h */,
				EF2F1B1F1A2C8B190048997F /* StoreOnlineNetworkEngine.m */,
			);
			path = DataEngine;
			sourceTree = "<group>";
		};
		EF5EC53C1A2C7F3100C9D980 = {
			isa = PBXGroup;
			children = (
				AD7C29ED1A302F95004B4EFE /* Resources */,
				AD7C29AD1A302F42004B4EFE /* inc */,
				EF5EC5471A2C7F3200C9D980 /* PhysicianAssistant */,
				EF5EC5611A2C7F3300C9D980 /* PhysicianAssistantTests */,
				EF5EC5461A2C7F3200C9D980 /* Products */,
				1B1BF6422607E37341E24DF3 /* Pods */,
				11E0CD135D97858B9FAFC989 /* Frameworks */,
			);
			sourceTree = "<group>";
		};
		EF5EC5461A2C7F3200C9D980 /* Products */ = {
			isa = PBXGroup;
			children = (
				EF5EC5451A2C7F3200C9D980 /* PhysicianAssistant.app */,
				EF5EC55E1A2C7F3300C9D980 /* PhysicianAssistantTests.xctest */,
			);
			name = Products;
			sourceTree = "<group>";
		};
		EF5EC5471A2C7F3200C9D980 /* PhysicianAssistant */ = {
			isa = PBXGroup;
			children = (
				ADAF3CD01A31602B008134A4 /* Supports */,
				AD943B9A1A2DA97600F32359 /* image */,
				AD943B9F1A2DA97600F32359 /* login */,
				EF2F1B1D1A2C8B190048997F /* DataEngine */,
				EF5EC54C1A2C7F3200C9D980 /* AppDelegate.h */,
				EF5EC54D1A2C7F3200C9D980 /* AppDelegate.m */,
				EF5EC54F1A2C7F3200C9D980 /* ViewController.h */,
				EF5EC5501A2C7F3200C9D980 /* ViewController.m */,
				AD8D56C51A2DAFCB00D81DBA /* SelectCity.h */,
				AD8D56BF1A2DAEDB00D81DBA /* LYHospitalList.h */,
				AD8D56C01A2DAEDB00D81DBA /* LYHospitalList.m */,
				ADB3BAF01A303E3600BBC80F /* LYMainVC.h */,
				ADB3BAF11A303E3600BBC80F /* LYMainVC.m */,
				AD8D56C61A2DAFCB00D81DBA /* SelectCity.mm */,
				EF5EC5521A2C7F3300C9D980 /* Main.storyboard */,
				EF5EC5551A2C7F3300C9D980 /* Images.xcassets */,
				EF5EC5571A2C7F3300C9D980 /* LaunchScreen.xib */,
				EF5EC5481A2C7F3200C9D980 /* Supporting Files */,
			);
			path = PhysicianAssistant;
			sourceTree = "<group>";
		};
		EF5EC5481A2C7F3200C9D980 /* Supporting Files */ = {
			isa = PBXGroup;
			children = (
				EF5EC5491A2C7F3200C9D980 /* Info.plist */,
				EF5EC54A1A2C7F3200C9D980 /* main.m */,
			);
			name = "Supporting Files";
			sourceTree = "<group>";
		};
		EF5EC5611A2C7F3300C9D980 /* PhysicianAssistantTests */ = {
			isa = PBXGroup;
			children = (
				EF5EC5641A2C7F3300C9D980 /* PhysicianAssistantTests.m */,
				EF5EC5621A2C7F3300C9D980 /* Supporting Files */,
			);
			path = PhysicianAssistantTests;
			sourceTree = "<group>";
		};
		EF5EC5621A2C7F3300C9D980 /* Supporting Files */ = {
			isa = PBXGroup;
			children = (
				EF5EC5631A2C7F3300C9D980 /* Info.plist */,
			);
			name = "Supporting Files";
			sourceTree = "<group>";
		};
/* End PBXGroup section */

/* Begin PBXNativeTarget section */
		EF5EC5441A2C7F3100C9D980 /* PhysicianAssistant */ = {
			isa = PBXNativeTarget;
			buildConfigurationList = EF5EC5681A2C7F3300C9D980 /* Build configuration list for PBXNativeTarget "PhysicianAssistant" */;
			buildPhases = (
				989AF69FC0D0FC7AF04F10DE /* Check Pods Manifest.lock */,
				EF5EC5411A2C7F3100C9D980 /* Sources */,
				EF5EC5421A2C7F3100C9D980 /* Frameworks */,
				EF5EC5431A2C7F3100C9D980 /* Resources */,
				3352A5A37A520712989C8D21 /* Copy Pods Resources */,
			);
			buildRules = (
			);
			dependencies = (
			);
			name = PhysicianAssistant;
			productName = PhysicianAssistant;
			productReference = EF5EC5451A2C7F3200C9D980 /* PhysicianAssistant.app */;
			productType = "com.apple.product-type.application";
		};
		EF5EC55D1A2C7F3300C9D980 /* PhysicianAssistantTests */ = {
			isa = PBXNativeTarget;
			buildConfigurationList = EF5EC56B1A2C7F3300C9D980 /* Build configuration list for PBXNativeTarget "PhysicianAssistantTests" */;
			buildPhases = (
				EF5EC55A1A2C7F3300C9D980 /* Sources */,
				EF5EC55B1A2C7F3300C9D980 /* Frameworks */,
				EF5EC55C1A2C7F3300C9D980 /* Resources */,
			);
			buildRules = (
			);
			dependencies = (
				EF5EC5601A2C7F3300C9D980 /* PBXTargetDependency */,
			);
			name = PhysicianAssistantTests;
			productName = PhysicianAssistantTests;
			productReference = EF5EC55E1A2C7F3300C9D980 /* PhysicianAssistantTests.xctest */;
			productType = "com.apple.product-type.bundle.unit-test";
		};
/* End PBXNativeTarget section */

/* Begin PBXProject section */
		EF5EC53D1A2C7F3100C9D980 /* Project object */ = {
			isa = PBXProject;
			attributes = {
				LastUpgradeCheck = 0610;
				ORGANIZATIONNAME = wangliang;
				TargetAttributes = {
					EF5EC5441A2C7F3100C9D980 = {
						CreatedOnToolsVersion = 6.1;
					};
					EF5EC55D1A2C7F3300C9D980 = {
						CreatedOnToolsVersion = 6.1;
						TestTargetID = EF5EC5441A2C7F3100C9D980;
					};
				};
			};
			buildConfigurationList = EF5EC5401A2C7F3100C9D980 /* Build configuration list for PBXProject "PhysicianAssistant" */;
			compatibilityVersion = "Xcode 3.2";
			developmentRegion = English;
			hasScannedForEncodings = 0;
			knownRegions = (
				en,
				Base,
			);
			mainGroup = EF5EC53C1A2C7F3100C9D980;
			productRefGroup = EF5EC5461A2C7F3200C9D980 /* Products */;
			projectDirPath = "";
			projectRoot = "";
			targets = (
				EF5EC5441A2C7F3100C9D980 /* PhysicianAssistant */,
				EF5EC55D1A2C7F3300C9D980 /* PhysicianAssistantTests */,
			);
		};
/* End PBXProject section */

/* Begin PBXResourcesBuildPhase section */
		EF5EC5431A2C7F3100C9D980 /* Resources */ = {
			isa = PBXResourcesBuildPhase;
			buildActionMask = 2147483647;
			files = (
				AD943BA61A2DA97600F32359 /* 定位.png in Resources */,
				EF5EC5541A2C7F3300C9D980 /* Main.storyboard in Resources */,
				ADB3BAFC1A30402700BBC80F /* ic_share_to_friends.png in Resources */,
				ADB3BAEE1A3038C000BBC80F /* 图片_02.png in Resources */,
				AD549AA61A2EFDD0004C08C5 /* down_dark0.png in Resources */,
				ADB3BAEF1A3038C000BBC80F /* logo.jpg in Resources */,
				ADB3BAF41A303F2100BBC80F /* 病例页提醒.png in Resources */,
				EF5EC5591A2C7F3300C9D980 /* LaunchScreen.xib in Resources */,
				AD549AA71A2EFDD0004C08C5 /* ic_password.png in Resources */,
				ADB9AEFF1A314A540071DC43 /* 便民.png in Resources */,
				AD7C29EC1A302F8D004B4EFE /* mapapi.bundle in Resources */,
				EF5EC5561A2C7F3300C9D980 /* Images.xcassets in Resources */,
				ADB3BAFA1A30402700BBC80F /* 物业管理.png in Resources */,
				ADB3BAF91A30402700BBC80F /* 邻里互助.png in Resources */,
				AD549AA81A2EFDD0004C08C5 /* ic_username.png in Resources */,
				ADB3BAFB1A30402700BBC80F /* 小区交流.png in Resources */,
			);
			runOnlyForDeploymentPostprocessing = 0;
		};
		EF5EC55C1A2C7F3300C9D980 /* Resources */ = {
			isa = PBXResourcesBuildPhase;
			buildActionMask = 2147483647;
			files = (
			);
			runOnlyForDeploymentPostprocessing = 0;
		};
/* End PBXResourcesBuildPhase section */

/* Begin PBXShellScriptBuildPhase section */
		3352A5A37A520712989C8D21 /* Copy Pods Resources */ = {
			isa = PBXShellScriptBuildPhase;
			buildActionMask = 2147483647;
			files = (
			);
			inputPaths = (
			);
			name = "Copy Pods Resources";
			outputPaths = (
			);
			runOnlyForDeploymentPostprocessing = 0;
			shellPath = /bin/sh;
			shellScript = "\"${SRCROOT}/Pods/Target Support Files/Pods/Pods-resources.sh\"\n";
			showEnvVarsInLog = 0;
		};
		989AF69FC0D0FC7AF04F10DE /* Check Pods Manifest.lock */ = {
			isa = PBXShellScriptBuildPhase;
			buildActionMask = 2147483647;
			files = (
			);
			inputPaths = (
			);
			name = "Check Pods Manifest.lock";
			outputPaths = (
			);
			runOnlyForDeploymentPostprocessing = 0;
			shellPath = /bin/sh;
			shellScript = "diff \"${PODS_ROOT}/../Podfile.lock\" \"${PODS_ROOT}/Manifest.lock\" > /dev/null\nif [[ $? != 0 ]] ; then\n    cat << EOM\nerror: The sandbox is not in sync with the Podfile.lock. Run 'pod install' or update your CocoaPods installation.\nEOM\n    exit 1\nfi\n";
			showEnvVarsInLog = 0;
		};
/* End PBXShellScriptBuildPhase section */

/* Begin PBXSourcesBuildPhase section */
		EF5EC5411A2C7F3100C9D980 /* Sources */ = {
			isa = PBXSourcesBuildPhase;
			buildActionMask = 2147483647;
			files = (
				EF5EC5511A2C7F3200C9D980 /* ViewController.m in Sources */,
				AD943BA91A2DA97600F32359 /* LYPasswordVC.m in Sources */,
				AD943BAA1A2DA97600F32359 /* LYSignupVC.m in Sources */,
				EF5EC54E1A2C7F3200C9D980 /* AppDelegate.m in Sources */,
				AD8D56C41A2DAF1E00D81DBA /* LYLoginVC.m in Sources */,
				AD943BA81A2DA97600F32359 /* LYGetcodeVC.m in Sources */,
				ADB3BAF21A303E3600BBC80F /* LYMainVC.m in Sources */,
				AD8D56C71A2DAFCB00D81DBA /* SelectCity.mm in Sources */,
				EF5EC54B1A2C7F3200C9D980 /* main.m in Sources */,
				EF2F1B201A2C8B190048997F /* StoreOnlineNetworkEngine.m in Sources */,
				AD8D56C11A2DAEDB00D81DBA /* LYHospitalList.m in Sources */,
			);
			runOnlyForDeploymentPostprocessing = 0;
		};
		EF5EC55A1A2C7F3300C9D980 /* Sources */ = {
			isa = PBXSourcesBuildPhase;
			buildActionMask = 2147483647;
			files = (
				EF5EC5651A2C7F3300C9D980 /* PhysicianAssistantTests.m in Sources */,
			);
			runOnlyForDeploymentPostprocessing = 0;
		};
/* End PBXSourcesBuildPhase section */

/* Begin PBXTargetDependency section */
		EF5EC5601A2C7F3300C9D980 /* PBXTargetDependency */ = {
			isa = PBXTargetDependency;
			target = EF5EC5441A2C7F3100C9D980 /* PhysicianAssistant */;
			targetProxy = EF5EC55F1A2C7F3300C9D980 /* PBXContainerItemProxy */;
		};
/* End PBXTargetDependency section */

/* Begin PBXVariantGroup section */
		EF5EC5521A2C7F3300C9D980 /* Main.storyboard */ = {
			isa = PBXVariantGroup;
			children = (
				EF5EC5531A2C7F3300C9D980 /* Base */,
			);
			name = Main.storyboard;
			sourceTree = "<group>";
		};
		EF5EC5571A2C7F3300C9D980 /* LaunchScreen.xib */ = {
			isa = PBXVariantGroup;
			children = (
				EF5EC5581A2C7F3300C9D980 /* Base */,
			);
			name = LaunchScreen.xib;
			sourceTree = "<group>";
		};
/* End PBXVariantGroup section */

/* Begin XCBuildConfiguration section */
		EF5EC5661A2C7F3300C9D980 /* Debug */ = {
			isa = XCBuildConfiguration;
			buildSettings = {
				ALWAYS_SEARCH_USER_PATHS = NO;
				CLANG_CXX_LANGUAGE_STANDARD = "gnu++0x";
				CLANG_CXX_LIBRARY = "libc++";
				CLANG_ENABLE_MODULES = YES;
				CLANG_ENABLE_OBJC_ARC = YES;
				CLANG_WARN_BOOL_CONVERSION = YES;
				CLANG_WARN_CONSTANT_CONVERSION = YES;
				CLANG_WARN_DIRECT_OBJC_ISA_USAGE = YES_ERROR;
				CLANG_WARN_EMPTY_BODY = YES;
				CLANG_WARN_ENUM_CONVERSION = YES;
				CLANG_WARN_INT_CONVERSION = YES;
				CLANG_WARN_OBJC_ROOT_CLASS = YES_ERROR;
				CLANG_WARN_UNREACHABLE_CODE = YES;
				CLANG_WARN__DUPLICATE_METHOD_MATCH = YES;
				"CODE_SIGN_IDENTITY[sdk=iphoneos*]" = "iPhone Developer";
				COPY_PHASE_STRIP = NO;
				ENABLE_STRICT_OBJC_MSGSEND = YES;
				GCC_C_LANGUAGE_STANDARD = gnu99;
				GCC_DYNAMIC_NO_PIC = NO;
				GCC_OPTIMIZATION_LEVEL = 0;
				GCC_PREPROCESSOR_DEFINITIONS = (
					"DEBUG=1",
					"$(inherited)",
				);
				GCC_SYMBOLS_PRIVATE_EXTERN = NO;
				GCC_WARN_64_TO_32_BIT_CONVERSION = YES;
				GCC_WARN_ABOUT_RETURN_TYPE = YES_ERROR;
				GCC_WARN_UNDECLARED_SELECTOR = YES;
				GCC_WARN_UNINITIALIZED_AUTOS = YES_AGGRESSIVE;
				GCC_WARN_UNUSED_FUNCTION = YES;
				GCC_WARN_UNUSED_VARIABLE = YES;
				IPHONEOS_DEPLOYMENT_TARGET = 7.1;
				MTL_ENABLE_DEBUG_INFO = YES;
				ONLY_ACTIVE_ARCH = YES;
				SDKROOT = iphoneos;
				TARGETED_DEVICE_FAMILY = "1,2";
			};
			name = Debug;
		};
		EF5EC5671A2C7F3300C9D980 /* Release */ = {
			isa = XCBuildConfiguration;
			buildSettings = {
				ALWAYS_SEARCH_USER_PATHS = NO;
				CLANG_CXX_LANGUAGE_STANDARD = "gnu++0x";
				CLANG_CXX_LIBRARY = "libc++";
				CLANG_ENABLE_MODULES = YES;
				CLANG_ENABLE_OBJC_ARC = YES;
				CLANG_WARN_BOOL_CONVERSION = YES;
				CLANG_WARN_CONSTANT_CONVERSION = YES;
				CLANG_WARN_DIRECT_OBJC_ISA_USAGE = YES_ERROR;
				CLANG_WARN_EMPTY_BODY = YES;
				CLANG_WARN_ENUM_CONVERSION = YES;
				CLANG_WARN_INT_CONVERSION = YES;
				CLANG_WARN_OBJC_ROOT_CLASS = YES_ERROR;
				CLANG_WARN_UNREACHABLE_CODE = YES;
				CLANG_WARN__DUPLICATE_METHOD_MATCH = YES;
				"CODE_SIGN_IDENTITY[sdk=iphoneos*]" = "iPhone Developer";
				COPY_PHASE_STRIP = YES;
				ENABLE_NS_ASSERTIONS = NO;
				ENABLE_STRICT_OBJC_MSGSEND = YES;
				GCC_C_LANGUAGE_STANDARD = gnu99;
				GCC_WARN_64_TO_32_BIT_CONVERSION = YES;
				GCC_WARN_ABOUT_RETURN_TYPE = YES_ERROR;
				GCC_WARN_UNDECLARED_SELECTOR = YES;
				GCC_WARN_UNINITIALIZED_AUTOS = YES_AGGRESSIVE;
				GCC_WARN_UNUSED_FUNCTION = YES;
				GCC_WARN_UNUSED_VARIABLE = YES;
				IPHONEOS_DEPLOYMENT_TARGET = 7.1;
				MTL_ENABLE_DEBUG_INFO = NO;
				SDKROOT = iphoneos;
				TARGETED_DEVICE_FAMILY = "1,2";
				VALIDATE_PRODUCT = YES;
			};
			name = Release;
		};
		EF5EC5691A2C7F3300C9D980 /* Debug */ = {
			isa = XCBuildConfiguration;
			baseConfigurationReference = 9F0BADB998D35336EB6E7DD7 /* Pods.debug.xcconfig */;
			buildSettings = {
				ASSETCATALOG_COMPILER_APPICON_NAME = AppIcon;
				CODE_SIGN_IDENTITY = "iPhone Developer";
				INFOPLIST_FILE = PhysicianAssistant/Info.plist;
				IPHONEOS_DEPLOYMENT_TARGET = 7.1;
				LD_RUNPATH_SEARCH_PATHS = "$(inherited) @executable_path/Frameworks";
				LIBRARY_SEARCH_PATHS = (
					"$(inherited)",
					"$(PROJECT_DIR)",
				);
				PRODUCT_NAME = "$(TARGET_NAME)";
				TARGETED_DEVICE_FAMILY = 1;
			};
			name = Debug;
		};
		EF5EC56A1A2C7F3300C9D980 /* Release */ = {
			isa = XCBuildConfiguration;
			baseConfigurationReference = 92D0569C1EE1FF78619562C2 /* Pods.release.xcconfig */;
			buildSettings = {
				ASSETCATALOG_COMPILER_APPICON_NAME = AppIcon;
				CODE_SIGN_IDENTITY = "iPhone Developer";
				INFOPLIST_FILE = PhysicianAssistant/Info.plist;
				IPHONEOS_DEPLOYMENT_TARGET = 7.1;
				LD_RUNPATH_SEARCH_PATHS = "$(inherited) @executable_path/Frameworks";
				LIBRARY_SEARCH_PATHS = (
					"$(inherited)",
					"$(PROJECT_DIR)",
				);
				PRODUCT_NAME = "$(TARGET_NAME)";
				TARGETED_DEVICE_FAMILY = 1;
			};
			name = Release;
		};
		EF5EC56C1A2C7F3300C9D980 /* Debug */ = {
			isa = XCBuildConfiguration;
			buildSettings = {
				BUNDLE_LOADER = "$(TEST_HOST)";
				FRAMEWORK_SEARCH_PATHS = (
					"$(SDKROOT)/Developer/Library/Frameworks",
					"$(inherited)",
				);
				GCC_PREPROCESSOR_DEFINITIONS = (
					"DEBUG=1",
					"$(inherited)",
				);
				INFOPLIST_FILE = PhysicianAssistantTests/Info.plist;
				LD_RUNPATH_SEARCH_PATHS = "$(inherited) @executable_path/Frameworks @loader_path/Frameworks";
				PRODUCT_NAME = "$(TARGET_NAME)";
				TEST_HOST = "$(BUILT_PRODUCTS_DIR)/PhysicianAssistant.app/PhysicianAssistant";
			};
			name = Debug;
		};
		EF5EC56D1A2C7F3300C9D980 /* Release */ = {
			isa = XCBuildConfiguration;
			buildSettings = {
				BUNDLE_LOADER = "$(TEST_HOST)";
				FRAMEWORK_SEARCH_PATHS = (
					"$(SDKROOT)/Developer/Library/Frameworks",
					"$(inherited)",
				);
				INFOPLIST_FILE = PhysicianAssistantTests/Info.plist;
				LD_RUNPATH_SEARCH_PATHS = "$(inherited) @executable_path/Frameworks @loader_path/Frameworks";
				PRODUCT_NAME = "$(TARGET_NAME)";
				TEST_HOST = "$(BUILT_PRODUCTS_DIR)/PhysicianAssistant.app/PhysicianAssistant";
			};
			name = Release;
		};
/* End XCBuildConfiguration section */

/* Begin XCConfigurationList section */
		EF5EC5401A2C7F3100C9D980 /* Build configuration list for PBXProject "PhysicianAssistant" */ = {
			isa = XCConfigurationList;
			buildConfigurations = (
				EF5EC5661A2C7F3300C9D980 /* Debug */,
				EF5EC5671A2C7F3300C9D980 /* Release */,
			);
			defaultConfigurationIsVisible = 0;
			defaultConfigurationName = Release;
		};
		EF5EC5681A2C7F3300C9D980 /* Build configuration list for PBXNativeTarget "PhysicianAssistant" */ = {
			isa = XCConfigurationList;
			buildConfigurations = (
				EF5EC5691A2C7F3300C9D980 /* Debug */,
				EF5EC56A1A2C7F3300C9D980 /* Release */,
			);
			defaultConfigurationIsVisible = 0;
			defaultConfigurationName = Release;
		};
		EF5EC56B1A2C7F3300C9D980 /* Build configuration list for PBXNativeTarget "PhysicianAssistantTests" */ = {
			isa = XCConfigurationList;
			buildConfigurations = (
				EF5EC56C1A2C7F3300C9D980 /* Debug */,
				EF5EC56D1A2C7F3300C9D980 /* Release */,
			);
			defaultConfigurationIsVisible = 0;
			defaultConfigurationName = Release;
		};
/* End XCConfigurationList section */
	};
	rootObject = EF5EC53D1A2C7F3100C9D980 /* Project object */;
}
